
Microsoft Visual Studio Solution File, Format Version 12.00
# Visual Studio Version 17
VisualStudioVersion = 17.12.35527.113
MinimumVisualStudioVersion = 10.0.40219.1
Project("{FAE04EC0-301F-11D3-BF4B-00C04F79EFBC}") = "WebApplication2", "WebApplication2\WebApplication2.csproj", "{EC557386-B488-42A0-89EA-466596E09A97}"
EndProject
Global
	GlobalSection(SolutionConfigurationPlatforms) = preSolution
		Debug|Any CPU = Debug|Any CPU
		Release|Any CPU = Release|Any CPU
	EndGlobalSection
	GlobalSection(ProjectConfigurationPlatforms) = postSolution
		{EC557386-B488-42A0-89EA-466596E09A97}.Debug|Any CPU.ActiveCfg = Debug|Any CPU
		{EC557386-B488-42A0-89EA-466596E09A97}.Debug|Any CPU.Build.0 = Debug|Any CPU
		{EC557386-B488-42A0-89EA-466596E09A97}.Release|Any CPU.ActiveCfg = Release|Any CPU
		{EC557386-B488-42A0-89EA-466596E09A97}.Release|Any CPU.Build.0 = Release|Any CPU
	EndGlobalSection
	GlobalSection(SolutionProperties) = preSolution
		HideSolutionNode = FALSE
	EndGlobalSection
	GlobalSection(ExtensibilityGlobals) = postSolution
		SolutionGuid = {62A44289-D142-4609-91D8-23716E56AD14}
	EndGlobalSection
EndGlobal
